// !$*UTF8*$!
{
	archiveVersion = 1;
	classes = {
	};
	objectVersion = 56;
	objects = {

/* Begin PBXBuildFile section */
		28F04D102AC04F55007D9CB4 /* ReviewViewModel.swift in Sources */ = {isa = PBXBuildFile; fileRef = 28F04D0F2AC04F55007D9CB4 /* ReviewViewModel.swift */; };
		5A1008DF2ABF2B9F00226DDF /* ProfileViewUI.swift in Sources */ = {isa = PBXBuildFile; fileRef = 5A1008DE2ABF2B9F00226DDF /* ProfileViewUI.swift */; };
		9C557DC52AB7FD1400871A0C /* HomeView.swift in Sources */ = {isa = PBXBuildFile; fileRef = 9C557DC32AB7FD1400871A0C /* HomeView.swift */; };
		9C557DC62AB7FD1400871A0C /* GameListCard.swift in Sources */ = {isa = PBXBuildFile; fileRef = 9C557DC42AB7FD1400871A0C /* GameListCard.swift */; };
		9C59ECE42AB9848F0000D2FA /* GameDetailView.swift in Sources */ = {isa = PBXBuildFile; fileRef = 9C59ECE32AB9848F0000D2FA /* GameDetailView.swift */; };
		9C59ECE62AB989F60000D2FA /* RatingsView.swift in Sources */ = {isa = PBXBuildFile; fileRef = 9C59ECE52AB989F60000D2FA /* RatingsView.swift */; };
		9C71E5312ABEAE2C0096F7FE /* CartItemView.swift in Sources */ = {isa = PBXBuildFile; fileRef = 9C71E5302ABEAE2C0096F7FE /* CartItemView.swift */; };
		9C861FBC2AC0648500115048 /* SelectionRatingView.swift in Sources */ = {isa = PBXBuildFile; fileRef = 9C861FBB2AC0648500115048 /* SelectionRatingView.swift */; };
		9C8EBAB22AC12AC200C4A403 /* WishlistViewModel.swift in Sources */ = {isa = PBXBuildFile; fileRef = 9C8EBAB12AC12AC200C4A403 /* WishlistViewModel.swift */; };
		9C8EBAB42AC12AFC00C4A403 /* Wishlist.swift in Sources */ = {isa = PBXBuildFile; fileRef = 9C8EBAB32AC12AFC00C4A403 /* Wishlist.swift */; };
		9CB170E02AB808D200FDD4DB /* CustomColor.swift in Sources */ = {isa = PBXBuildFile; fileRef = 9CB170DF2AB808D200FDD4DB /* CustomColor.swift */; };
		9CCA59912AB4446300FEA993 /* R_GameHubApp.swift in Sources */ = {isa = PBXBuildFile; fileRef = 9CCA59902AB4446300FEA993 /* R_GameHubApp.swift */; };
		9CCA59952AB4446500FEA993 /* Assets.xcassets in Resources */ = {isa = PBXBuildFile; fileRef = 9CCA59942AB4446500FEA993 /* Assets.xcassets */; };
		9CCA59982AB4446500FEA993 /* Preview Assets.xcassets in Resources */ = {isa = PBXBuildFile; fileRef = 9CCA59972AB4446500FEA993 /* Preview Assets.xcassets */; };
		9CCA599F2AB4449800FEA993 /* LogInView.swift in Sources */ = {isa = PBXBuildFile; fileRef = 9CCA599E2AB4449800FEA993 /* LogInView.swift */; };
		9CCA59A12AB444B200FEA993 /* SignUpView.swift in Sources */ = {isa = PBXBuildFile; fileRef = 9CCA59A02AB444B200FEA993 /* SignUpView.swift */; };
		EA5F87F42ABD5E4E009F9FB4 /* CartView.swift in Sources */ = {isa = PBXBuildFile; fileRef = EA5F87F32ABD5E4E009F9FB4 /* CartView.swift */; };
		EAC946B12ABABFB700DE2BE3 /* GameItemView.swift in Sources */ = {isa = PBXBuildFile; fileRef = EAC946B02ABABFB700DE2BE3 /* GameItemView.swift */; };
		EAC946B72ABACA9600DE2BE3 /* ImagePicker.swift in Sources */ = {isa = PBXBuildFile; fileRef = EAC946B62ABACA9600DE2BE3 /* ImagePicker.swift */; };
		EAC946BB2ABAD88E00DE2BE3 /* Cart.swift in Sources */ = {isa = PBXBuildFile; fileRef = EAC946BA2ABAD88E00DE2BE3 /* Cart.swift */; };
		EAC946BD2ABAD90200DE2BE3 /* CartViewModel.swift in Sources */ = {isa = PBXBuildFile; fileRef = EAC946BC2ABAD90200DE2BE3 /* CartViewModel.swift */; };
		EAE0E23D2AB97B3F00371C7B /* GoogleService-Info.plist in Resources */ = {isa = PBXBuildFile; fileRef = EAE0E23C2AB97B3F00371C7B /* GoogleService-Info.plist */; };
		EAE0E2402AB97BCA00371C7B /* FirebaseAuth in Frameworks */ = {isa = PBXBuildFile; productRef = EAE0E23F2AB97BCA00371C7B /* FirebaseAuth */; };
		EAE0E2422AB97BCA00371C7B /* FirebaseDatabase in Frameworks */ = {isa = PBXBuildFile; productRef = EAE0E2412AB97BCA00371C7B /* FirebaseDatabase */; };
		EAE0E2442AB97BCA00371C7B /* FirebaseDatabaseSwift in Frameworks */ = {isa = PBXBuildFile; productRef = EAE0E2432AB97BCA00371C7B /* FirebaseDatabaseSwift */; };
		EAE0E2462AB97BCA00371C7B /* FirebaseFirestore in Frameworks */ = {isa = PBXBuildFile; productRef = EAE0E2452AB97BCA00371C7B /* FirebaseFirestore */; };
		EAE0E2482AB97BCA00371C7B /* FirebaseFirestoreCombine-Community in Frameworks */ = {isa = PBXBuildFile; productRef = EAE0E2472AB97BCA00371C7B /* FirebaseFirestoreCombine-Community */; };
		EAE0E24A2AB97BCA00371C7B /* FirebaseFirestoreSwift in Frameworks */ = {isa = PBXBuildFile; productRef = EAE0E2492AB97BCA00371C7B /* FirebaseFirestoreSwift */; };
		EAE0E24C2AB97BCA00371C7B /* FirebaseStorage in Frameworks */ = {isa = PBXBuildFile; productRef = EAE0E24B2AB97BCA00371C7B /* FirebaseStorage */; };
		EAE0E24E2AB97BCA00371C7B /* FirebaseStorageCombine-Community in Frameworks */ = {isa = PBXBuildFile; productRef = EAE0E24D2AB97BCA00371C7B /* FirebaseStorageCombine-Community */; };
		EAE0E2512AB97DF700371C7B /* User.swift in Sources */ = {isa = PBXBuildFile; fileRef = EAE0E2502AB97DF700371C7B /* User.swift */; };
		EAE0E2532AB97E4D00371C7B /* UserViewModel.swift in Sources */ = {isa = PBXBuildFile; fileRef = EAE0E2522AB97E4D00371C7B /* UserViewModel.swift */; };
		EAE0E2552AB98A6C00371C7B /* ProfileView.swift in Sources */ = {isa = PBXBuildFile; fileRef = EAE0E2542AB98A6C00371C7B /* ProfileView.swift */; };
		EAE0E2572AB9970100371C7B /* Game.swift in Sources */ = {isa = PBXBuildFile; fileRef = EAE0E2562AB9970100371C7B /* Game.swift */; };
		EAE0E2592AB9975500371C7B /* Review.swift in Sources */ = {isa = PBXBuildFile; fileRef = EAE0E2582AB9975500371C7B /* Review.swift */; };
		EAE0E25B2AB999EE00371C7B /* GameViewModel.swift in Sources */ = {isa = PBXBuildFile; fileRef = EAE0E25A2AB999EE00371C7B /* GameViewModel.swift */; };
		EAE0E25D2AB99AF000371C7B /* TestHomeView.swift in Sources */ = {isa = PBXBuildFile; fileRef = EAE0E25C2AB99AF000371C7B /* TestHomeView.swift */; };
/* End PBXBuildFile section */

/* Begin PBXFileReference section */
		28F04D0F2AC04F55007D9CB4 /* ReviewViewModel.swift */ = {isa = PBXFileReference; lastKnownFileType = sourcecode.swift; path = ReviewViewModel.swift; sourceTree = "<group>"; };
		5A1008DE2ABF2B9F00226DDF /* ProfileViewUI.swift */ = {isa = PBXFileReference; lastKnownFileType = sourcecode.swift; path = ProfileViewUI.swift; sourceTree = "<group>"; };
		9C557DC32AB7FD1400871A0C /* HomeView.swift */ = {isa = PBXFileReference; fileEncoding = 4; lastKnownFileType = sourcecode.swift; path = HomeView.swift; sourceTree = "<group>"; };
		9C557DC42AB7FD1400871A0C /* GameListCard.swift */ = {isa = PBXFileReference; fileEncoding = 4; lastKnownFileType = sourcecode.swift; path = GameListCard.swift; sourceTree = "<group>"; };
		9C59ECE32AB9848F0000D2FA /* GameDetailView.swift */ = {isa = PBXFileReference; lastKnownFileType = sourcecode.swift; path = GameDetailView.swift; sourceTree = "<group>"; };
		9C59ECE52AB989F60000D2FA /* RatingsView.swift */ = {isa = PBXFileReference; lastKnownFileType = sourcecode.swift; path = RatingsView.swift; sourceTree = "<group>"; };
		9C71E5302ABEAE2C0096F7FE /* CartItemView.swift */ = {isa = PBXFileReference; lastKnownFileType = sourcecode.swift; path = CartItemView.swift; sourceTree = "<group>"; };
		9C861FBB2AC0648500115048 /* SelectionRatingView.swift */ = {isa = PBXFileReference; lastKnownFileType = sourcecode.swift; path = SelectionRatingView.swift; sourceTree = "<group>"; };
		9C8EBAB12AC12AC200C4A403 /* WishlistViewModel.swift */ = {isa = PBXFileReference; lastKnownFileType = sourcecode.swift; path = WishlistViewModel.swift; sourceTree = "<group>"; };
		9C8EBAB32AC12AFC00C4A403 /* Wishlist.swift */ = {isa = PBXFileReference; lastKnownFileType = sourcecode.swift; path = Wishlist.swift; sourceTree = "<group>"; };
		9CB170DF2AB808D200FDD4DB /* CustomColor.swift */ = {isa = PBXFileReference; lastKnownFileType = sourcecode.swift; path = CustomColor.swift; sourceTree = "<group>"; };
		9CCA598D2AB4446300FEA993 /* R-GameHub.app */ = {isa = PBXFileReference; explicitFileType = wrapper.application; includeInIndex = 0; path = "R-GameHub.app"; sourceTree = BUILT_PRODUCTS_DIR; };
		9CCA59902AB4446300FEA993 /* R_GameHubApp.swift */ = {isa = PBXFileReference; lastKnownFileType = sourcecode.swift; path = R_GameHubApp.swift; sourceTree = "<group>"; };
		9CCA59942AB4446500FEA993 /* Assets.xcassets */ = {isa = PBXFileReference; lastKnownFileType = folder.assetcatalog; path = Assets.xcassets; sourceTree = "<group>"; };
		9CCA59972AB4446500FEA993 /* Preview Assets.xcassets */ = {isa = PBXFileReference; lastKnownFileType = folder.assetcatalog; path = "Preview Assets.xcassets"; sourceTree = "<group>"; };
		9CCA599E2AB4449800FEA993 /* LogInView.swift */ = {isa = PBXFileReference; lastKnownFileType = sourcecode.swift; path = LogInView.swift; sourceTree = "<group>"; };
		9CCA59A02AB444B200FEA993 /* SignUpView.swift */ = {isa = PBXFileReference; lastKnownFileType = sourcecode.swift; path = SignUpView.swift; sourceTree = "<group>"; };
		EA5F87F32ABD5E4E009F9FB4 /* CartView.swift */ = {isa = PBXFileReference; lastKnownFileType = sourcecode.swift; path = CartView.swift; sourceTree = "<group>"; };
		EAC946B02ABABFB700DE2BE3 /* GameItemView.swift */ = {isa = PBXFileReference; lastKnownFileType = sourcecode.swift; path = GameItemView.swift; sourceTree = "<group>"; };
		EAC946B62ABACA9600DE2BE3 /* ImagePicker.swift */ = {isa = PBXFileReference; lastKnownFileType = sourcecode.swift; path = ImagePicker.swift; sourceTree = "<group>"; };
		EAC946BA2ABAD88E00DE2BE3 /* Cart.swift */ = {isa = PBXFileReference; lastKnownFileType = sourcecode.swift; path = Cart.swift; sourceTree = "<group>"; };
		EAC946BC2ABAD90200DE2BE3 /* CartViewModel.swift */ = {isa = PBXFileReference; lastKnownFileType = sourcecode.swift; path = CartViewModel.swift; sourceTree = "<group>"; };
		EAE0E23C2AB97B3F00371C7B /* GoogleService-Info.plist */ = {isa = PBXFileReference; fileEncoding = 4; lastKnownFileType = text.plist.xml; path = "GoogleService-Info.plist"; sourceTree = "<group>"; };
		EAE0E2502AB97DF700371C7B /* User.swift */ = {isa = PBXFileReference; lastKnownFileType = sourcecode.swift; path = User.swift; sourceTree = "<group>"; };
		EAE0E2522AB97E4D00371C7B /* UserViewModel.swift */ = {isa = PBXFileReference; lastKnownFileType = sourcecode.swift; path = UserViewModel.swift; sourceTree = "<group>"; };
		EAE0E2542AB98A6C00371C7B /* ProfileView.swift */ = {isa = PBXFileReference; lastKnownFileType = sourcecode.swift; path = ProfileView.swift; sourceTree = "<group>"; };
		EAE0E2562AB9970100371C7B /* Game.swift */ = {isa = PBXFileReference; lastKnownFileType = sourcecode.swift; path = Game.swift; sourceTree = "<group>"; };
		EAE0E2582AB9975500371C7B /* Review.swift */ = {isa = PBXFileReference; lastKnownFileType = sourcecode.swift; path = Review.swift; sourceTree = "<group>"; };
		EAE0E25A2AB999EE00371C7B /* GameViewModel.swift */ = {isa = PBXFileReference; lastKnownFileType = sourcecode.swift; path = GameViewModel.swift; sourceTree = "<group>"; };
		EAE0E25C2AB99AF000371C7B /* TestHomeView.swift */ = {isa = PBXFileReference; lastKnownFileType = sourcecode.swift; path = TestHomeView.swift; sourceTree = "<group>"; };
/* End PBXFileReference section */

/* Begin PBXFrameworksBuildPhase section */
		9CCA598A2AB4446300FEA993 /* Frameworks */ = {
			isa = PBXFrameworksBuildPhase;
			buildActionMask = 2147483647;
			files = (
				EAE0E2442AB97BCA00371C7B /* FirebaseDatabaseSwift in Frameworks */,
				EAE0E2462AB97BCA00371C7B /* FirebaseFirestore in Frameworks */,
				EAE0E24E2AB97BCA00371C7B /* FirebaseStorageCombine-Community in Frameworks */,
				EAE0E2422AB97BCA00371C7B /* FirebaseDatabase in Frameworks */,
				EAE0E2482AB97BCA00371C7B /* FirebaseFirestoreCombine-Community in Frameworks */,
				EAE0E24C2AB97BCA00371C7B /* FirebaseStorage in Frameworks */,
				EAE0E2402AB97BCA00371C7B /* FirebaseAuth in Frameworks */,
				EAE0E24A2AB97BCA00371C7B /* FirebaseFirestoreSwift in Frameworks */,
			);
			runOnlyForDeploymentPostprocessing = 0;
		};
/* End PBXFrameworksBuildPhase section */

/* Begin PBXGroup section */
		9C557DC22AB7FD1400871A0C /* Views */ = {
			isa = PBXGroup;
			children = (
				9CCA599E2AB4449800FEA993 /* LogInView.swift */,
				9CCA59A02AB444B200FEA993 /* SignUpView.swift */,
				9C59ECE52AB989F60000D2FA /* RatingsView.swift */,
				9C861FBB2AC0648500115048 /* SelectionRatingView.swift */,
				9C557DC42AB7FD1400871A0C /* GameListCard.swift */,
				9C557DC32AB7FD1400871A0C /* HomeView.swift */,
				EAE0E2542AB98A6C00371C7B /* ProfileView.swift */,
				5A1008DE2ABF2B9F00226DDF /* ProfileViewUI.swift */,
				9C59ECE32AB9848F0000D2FA /* GameDetailView.swift */,
				EA5F87F32ABD5E4E009F9FB4 /* CartView.swift */,
				9C71E5302ABEAE2C0096F7FE /* CartItemView.swift */,
			);
			path = Views;
			sourceTree = "<group>";
		};
		9C59ECEE2AB9C7130000D2FA /* Helpers */ = {
			isa = PBXGroup;
			children = (
				9CB170DF2AB808D200FDD4DB /* CustomColor.swift */,
				EAC946B62ABACA9600DE2BE3 /* ImagePicker.swift */,
			);
			path = Helpers;
			sourceTree = "<group>";
		};
		9CCA59842AB4446300FEA993 = {
			isa = PBXGroup;
			children = (
				9CCA598F2AB4446300FEA993 /* R-GameHub */,
				9CCA598E2AB4446300FEA993 /* Products */,
			);
			sourceTree = "<group>";
		};
		9CCA598E2AB4446300FEA993 /* Products */ = {
			isa = PBXGroup;
			children = (
				9CCA598D2AB4446300FEA993 /* R-GameHub.app */,
			);
			name = Products;
			sourceTree = "<group>";
		};
		9CCA598F2AB4446300FEA993 /* R-GameHub */ = {
			isa = PBXGroup;
			children = (
				9CCA59902AB4446300FEA993 /* R_GameHubApp.swift */,
				EAE0E24F2AB97DD300371C7B /* Models */,
				9C557DC22AB7FD1400871A0C /* Views */,
				9C59ECEE2AB9C7130000D2FA /* Helpers */,
				EAE0E25C2AB99AF000371C7B /* TestHomeView.swift */,
				EAC946B02ABABFB700DE2BE3 /* GameItemView.swift */,
				9CCA59942AB4446500FEA993 /* Assets.xcassets */,
				EAE0E23C2AB97B3F00371C7B /* GoogleService-Info.plist */,
				9CCA59962AB4446500FEA993 /* Preview Content */,
			);
			path = "R-GameHub";
			sourceTree = "<group>";
		};
		9CCA59962AB4446500FEA993 /* Preview Content */ = {
			isa = PBXGroup;
			children = (
				9CCA59972AB4446500FEA993 /* Preview Assets.xcassets */,
			);
			path = "Preview Content";
			sourceTree = "<group>";
		};
		EAE0E24F2AB97DD300371C7B /* Models */ = {
			isa = PBXGroup;
			children = (
				EAE0E2502AB97DF700371C7B /* User.swift */,
				EAE0E2522AB97E4D00371C7B /* UserViewModel.swift */,
				EAE0E2562AB9970100371C7B /* Game.swift */,
				EAE0E25A2AB999EE00371C7B /* GameViewModel.swift */,
				EAE0E2582AB9975500371C7B /* Review.swift */,
				28F04D0F2AC04F55007D9CB4 /* ReviewViewModel.swift */,
				EAC946BA2ABAD88E00DE2BE3 /* Cart.swift */,
				EAC946BC2ABAD90200DE2BE3 /* CartViewModel.swift */,
				9C8EBAB12AC12AC200C4A403 /* WishlistViewModel.swift */,
				9C8EBAB32AC12AFC00C4A403 /* Wishlist.swift */,
			);
			path = Models;
			sourceTree = "<group>";
		};
/* End PBXGroup section */

/* Begin PBXNativeTarget section */
		9CCA598C2AB4446300FEA993 /* R-GameHub */ = {
			isa = PBXNativeTarget;
			buildConfigurationList = 9CCA599B2AB4446500FEA993 /* Build configuration list for PBXNativeTarget "R-GameHub" */;
			buildPhases = (
				9CCA59892AB4446300FEA993 /* Sources */,
				9CCA598A2AB4446300FEA993 /* Frameworks */,
				9CCA598B2AB4446300FEA993 /* Resources */,
			);
			buildRules = (
			);
			dependencies = (
			);
			name = "R-GameHub";
			packageProductDependencies = (
				EAE0E23F2AB97BCA00371C7B /* FirebaseAuth */,
				EAE0E2412AB97BCA00371C7B /* FirebaseDatabase */,
				EAE0E2432AB97BCA00371C7B /* FirebaseDatabaseSwift */,
				EAE0E2452AB97BCA00371C7B /* FirebaseFirestore */,
				EAE0E2472AB97BCA00371C7B /* FirebaseFirestoreCombine-Community */,
				EAE0E2492AB97BCA00371C7B /* FirebaseFirestoreSwift */,
				EAE0E24B2AB97BCA00371C7B /* FirebaseStorage */,
				EAE0E24D2AB97BCA00371C7B /* FirebaseStorageCombine-Community */,
			);
			productName = "R-GameHub";
			productReference = 9CCA598D2AB4446300FEA993 /* R-GameHub.app */;
			productType = "com.apple.product-type.application";
		};
/* End PBXNativeTarget section */

/* Begin PBXProject section */
		9CCA59852AB4446300FEA993 /* Project object */ = {
			isa = PBXProject;
			attributes = {
				BuildIndependentTargetsInParallel = 1;
				LastSwiftUpdateCheck = 1500;
				LastUpgradeCheck = 1500;
				TargetAttributes = {
					9CCA598C2AB4446300FEA993 = {
						CreatedOnToolsVersion = 15.0;
					};
				};
			};
			buildConfigurationList = 9CCA59882AB4446300FEA993 /* Build configuration list for PBXProject "R-GameHub" */;
			compatibilityVersion = "Xcode 14.0";
			developmentRegion = en;
			hasScannedForEncodings = 0;
			knownRegions = (
				en,
			);
			mainGroup = 9CCA59842AB4446300FEA993;
			packageReferences = (
				EAE0E23E2AB97BCA00371C7B /* XCRemoteSwiftPackageReference "firebase-ios-sdk" */,
			);
			productRefGroup = 9CCA598E2AB4446300FEA993 /* Products */;
			projectDirPath = "";
			projectRoot = "";
			targets = (
				9CCA598C2AB4446300FEA993 /* R-GameHub */,
			);
		};
/* End PBXProject section */

/* Begin PBXResourcesBuildPhase section */
		9CCA598B2AB4446300FEA993 /* Resources */ = {
			isa = PBXResourcesBuildPhase;
			buildActionMask = 2147483647;
			files = (
				9CCA59982AB4446500FEA993 /* Preview Assets.xcassets in Resources */,
				9CCA59952AB4446500FEA993 /* Assets.xcassets in Resources */,
				EAE0E23D2AB97B3F00371C7B /* GoogleService-Info.plist in Resources */,
			);
			runOnlyForDeploymentPostprocessing = 0;
		};
/* End PBXResourcesBuildPhase section */

/* Begin PBXSourcesBuildPhase section */
		9CCA59892AB4446300FEA993 /* Sources */ = {
			isa = PBXSourcesBuildPhase;
			buildActionMask = 2147483647;
			files = (
				EAE0E25B2AB999EE00371C7B /* GameViewModel.swift in Sources */,
				EAC946BB2ABAD88E00DE2BE3 /* Cart.swift in Sources */,
				5A1008DF2ABF2B9F00226DDF /* ProfileViewUI.swift in Sources */,
				EAC946B12ABABFB700DE2BE3 /* GameItemView.swift in Sources */,
				EAC946BD2ABAD90200DE2BE3 /* CartViewModel.swift in Sources */,
				9CCA59A12AB444B200FEA993 /* SignUpView.swift in Sources */,
				9C8EBAB22AC12AC200C4A403 /* WishlistViewModel.swift in Sources */,
				EAC946B72ABACA9600DE2BE3 /* ImagePicker.swift in Sources */,
				EAE0E2572AB9970100371C7B /* Game.swift in Sources */,
				EAE0E2552AB98A6C00371C7B /* ProfileView.swift in Sources */,
				EAE0E2532AB97E4D00371C7B /* UserViewModel.swift in Sources */,
				9C861FBC2AC0648500115048 /* SelectionRatingView.swift in Sources */,
				9CCA599F2AB4449800FEA993 /* LogInView.swift in Sources */,
				EA5F87F42ABD5E4E009F9FB4 /* CartView.swift in Sources */,
				9CB170E02AB808D200FDD4DB /* CustomColor.swift in Sources */,
				EAE0E2592AB9975500371C7B /* Review.swift in Sources */,
				9C8EBAB42AC12AFC00C4A403 /* Wishlist.swift in Sources */,
				9C557DC62AB7FD1400871A0C /* GameListCard.swift in Sources */,
				9C59ECE42AB9848F0000D2FA /* GameDetailView.swift in Sources */,
				28F04D102AC04F55007D9CB4 /* ReviewViewModel.swift in Sources */,
				9C557DC52AB7FD1400871A0C /* HomeView.swift in Sources */,
				9CCA59912AB4446300FEA993 /* R_GameHubApp.swift in Sources */,
				9C59ECE62AB989F60000D2FA /* RatingsView.swift in Sources */,
				9C71E5312ABEAE2C0096F7FE /* CartItemView.swift in Sources */,
				EAE0E25D2AB99AF000371C7B /* TestHomeView.swift in Sources */,
				EAE0E2512AB97DF700371C7B /* User.swift in Sources */,
			);
			runOnlyForDeploymentPostprocessing = 0;
		};
/* End PBXSourcesBuildPhase section */

/* Begin XCBuildConfiguration section */
		9CCA59992AB4446500FEA993 /* Debug */ = {
			isa = XCBuildConfiguration;
			buildSettings = {
				ALWAYS_SEARCH_USER_PATHS = NO;
				ASSETCATALOG_COMPILER_GENERATE_SWIFT_ASSET_SYMBOL_EXTENSIONS = YES;
				CLANG_ANALYZER_NONNULL = YES;
				CLANG_ANALYZER_NUMBER_OBJECT_CONVERSION = YES_AGGRESSIVE;
				CLANG_CXX_LANGUAGE_STANDARD = "gnu++20";
				CLANG_ENABLE_MODULES = YES;
				CLANG_ENABLE_OBJC_ARC = YES;
				CLANG_ENABLE_OBJC_WEAK = YES;
				CLANG_WARN_BLOCK_CAPTURE_AUTORELEASING = YES;
				CLANG_WARN_BOOL_CONVERSION = YES;
				CLANG_WARN_COMMA = YES;
				CLANG_WARN_CONSTANT_CONVERSION = YES;
				CLANG_WARN_DEPRECATED_OBJC_IMPLEMENTATIONS = YES;
				CLANG_WARN_DIRECT_OBJC_ISA_USAGE = YES_ERROR;
				CLANG_WARN_DOCUMENTATION_COMMENTS = YES;
				CLANG_WARN_EMPTY_BODY = YES;
				CLANG_WARN_ENUM_CONVERSION = YES;
				CLANG_WARN_INFINITE_RECURSION = YES;
				CLANG_WARN_INT_CONVERSION = YES;
				CLANG_WARN_NON_LITERAL_NULL_CONVERSION = YES;
				CLANG_WARN_OBJC_IMPLICIT_RETAIN_SELF = YES;
				CLANG_WARN_OBJC_LITERAL_CONVERSION = YES;
				CLANG_WARN_OBJC_ROOT_CLASS = YES_ERROR;
				CLANG_WARN_QUOTED_INCLUDE_IN_FRAMEWORK_HEADER = YES;
				CLANG_WARN_RANGE_LOOP_ANALYSIS = YES;
				CLANG_WARN_STRICT_PROTOTYPES = YES;
				CLANG_WARN_SUSPICIOUS_MOVE = YES;
				CLANG_WARN_UNGUARDED_AVAILABILITY = YES_AGGRESSIVE;
				CLANG_WARN_UNREACHABLE_CODE = YES;
				CLANG_WARN__DUPLICATE_METHOD_MATCH = YES;
				COPY_PHASE_STRIP = NO;
				DEBUG_INFORMATION_FORMAT = dwarf;
				ENABLE_STRICT_OBJC_MSGSEND = YES;
				ENABLE_TESTABILITY = YES;
				ENABLE_USER_SCRIPT_SANDBOXING = YES;
				GCC_C_LANGUAGE_STANDARD = gnu17;
				GCC_DYNAMIC_NO_PIC = NO;
				GCC_NO_COMMON_BLOCKS = YES;
				GCC_OPTIMIZATION_LEVEL = 0;
				GCC_PREPROCESSOR_DEFINITIONS = (
					"DEBUG=1",
					"$(inherited)",
				);
				GCC_WARN_64_TO_32_BIT_CONVERSION = YES;
				GCC_WARN_ABOUT_RETURN_TYPE = YES_ERROR;
				GCC_WARN_UNDECLARED_SELECTOR = YES;
				GCC_WARN_UNINITIALIZED_AUTOS = YES_AGGRESSIVE;
				GCC_WARN_UNUSED_FUNCTION = YES;
				GCC_WARN_UNUSED_VARIABLE = YES;
				IPHONEOS_DEPLOYMENT_TARGET = 16.4;
				LOCALIZATION_PREFERS_STRING_CATALOGS = YES;
				MTL_ENABLE_DEBUG_INFO = INCLUDE_SOURCE;
				MTL_FAST_MATH = YES;
				ONLY_ACTIVE_ARCH = YES;
				SDKROOT = iphoneos;
				SWIFT_ACTIVE_COMPILATION_CONDITIONS = "DEBUG $(inherited)";
				SWIFT_OPTIMIZATION_LEVEL = "-Onone";
			};
			name = Debug;
		};
		9CCA599A2AB4446500FEA993 /* Release */ = {
			isa = XCBuildConfiguration;
			buildSettings = {
				ALWAYS_SEARCH_USER_PATHS = NO;
				ASSETCATALOG_COMPILER_GENERATE_SWIFT_ASSET_SYMBOL_EXTENSIONS = YES;
				CLANG_ANALYZER_NONNULL = YES;
				CLANG_ANALYZER_NUMBER_OBJECT_CONVERSION = YES_AGGRESSIVE;
				CLANG_CXX_LANGUAGE_STANDARD = "gnu++20";
				CLANG_ENABLE_MODULES = YES;
				CLANG_ENABLE_OBJC_ARC = YES;
				CLANG_ENABLE_OBJC_WEAK = YES;
				CLANG_WARN_BLOCK_CAPTURE_AUTORELEASING = YES;
				CLANG_WARN_BOOL_CONVERSION = YES;
				CLANG_WARN_COMMA = YES;
				CLANG_WARN_CONSTANT_CONVERSION = YES;
				CLANG_WARN_DEPRECATED_OBJC_IMPLEMENTATIONS = YES;
				CLANG_WARN_DIRECT_OBJC_ISA_USAGE = YES_ERROR;
				CLANG_WARN_DOCUMENTATION_COMMENTS = YES;
				CLANG_WARN_EMPTY_BODY = YES;
				CLANG_WARN_ENUM_CONVERSION = YES;
				CLANG_WARN_INFINITE_RECURSION = YES;
				CLANG_WARN_INT_CONVERSION = YES;
				CLANG_WARN_NON_LITERAL_NULL_CONVERSION = YES;
				CLANG_WARN_OBJC_IMPLICIT_RETAIN_SELF = YES;
				CLANG_WARN_OBJC_LITERAL_CONVERSION = YES;
				CLANG_WARN_OBJC_ROOT_CLASS = YES_ERROR;
				CLANG_WARN_QUOTED_INCLUDE_IN_FRAMEWORK_HEADER = YES;
				CLANG_WARN_RANGE_LOOP_ANALYSIS = YES;
				CLANG_WARN_STRICT_PROTOTYPES = YES;
				CLANG_WARN_SUSPICIOUS_MOVE = YES;
				CLANG_WARN_UNGUARDED_AVAILABILITY = YES_AGGRESSIVE;
				CLANG_WARN_UNREACHABLE_CODE = YES;
				CLANG_WARN__DUPLICATE_METHOD_MATCH = YES;
				COPY_PHASE_STRIP = NO;
				DEBUG_INFORMATION_FORMAT = "dwarf-with-dsym";
				ENABLE_NS_ASSERTIONS = NO;
				ENABLE_STRICT_OBJC_MSGSEND = YES;
				ENABLE_USER_SCRIPT_SANDBOXING = YES;
				GCC_C_LANGUAGE_STANDARD = gnu17;
				GCC_NO_COMMON_BLOCKS = YES;
				GCC_WARN_64_TO_32_BIT_CONVERSION = YES;
				GCC_WARN_ABOUT_RETURN_TYPE = YES_ERROR;
				GCC_WARN_UNDECLARED_SELECTOR = YES;
				GCC_WARN_UNINITIALIZED_AUTOS = YES_AGGRESSIVE;
				GCC_WARN_UNUSED_FUNCTION = YES;
				GCC_WARN_UNUSED_VARIABLE = YES;
				IPHONEOS_DEPLOYMENT_TARGET = 16.4;
				LOCALIZATION_PREFERS_STRING_CATALOGS = YES;
				MTL_ENABLE_DEBUG_INFO = NO;
				MTL_FAST_MATH = YES;
				SDKROOT = iphoneos;
				SWIFT_COMPILATION_MODE = wholemodule;
				VALIDATE_PRODUCT = YES;
			};
			name = Release;
		};
		9CCA599C2AB4446500FEA993 /* Debug */ = {
			isa = XCBuildConfiguration;
			buildSettings = {
				ASSETCATALOG_COMPILER_APPICON_NAME = AppIcon;
				ASSETCATALOG_COMPILER_GLOBAL_ACCENT_COLOR_NAME = AccentColor;
				CODE_SIGN_STYLE = Automatic;
				CURRENT_PROJECT_VERSION = 1;
				DEVELOPMENT_ASSET_PATHS = "\"R-GameHub/Preview Content\"";
				DEVELOPMENT_TEAM = QV595V2E74;
				ENABLE_PREVIEWS = YES;
				GENERATE_INFOPLIST_FILE = YES;
				INFOPLIST_KEY_CFBundleDisplayName = "R-GameHub";
				INFOPLIST_KEY_UIApplicationSceneManifest_Generation = YES;
				INFOPLIST_KEY_UIApplicationSupportsIndirectInputEvents = YES;
				INFOPLIST_KEY_UILaunchScreen_Generation = YES;
				INFOPLIST_KEY_UISupportedInterfaceOrientations_iPad = "UIInterfaceOrientationPortrait UIInterfaceOrientationPortraitUpsideDown UIInterfaceOrientationLandscapeLeft UIInterfaceOrientationLandscapeRight";
				INFOPLIST_KEY_UISupportedInterfaceOrientations_iPhone = "UIInterfaceOrientationPortrait UIInterfaceOrientationLandscapeLeft UIInterfaceOrientationLandscapeRight";
				IPHONEOS_DEPLOYMENT_TARGET = 16.4;
				LD_RUNPATH_SEARCH_PATHS = (
					"$(inherited)",
					"@executable_path/Frameworks",
				);
				MARKETING_VERSION = 1.0;
				PRODUCT_BUNDLE_IDENTIFIER = "vn.edu.rmit.R-GameHub.R-GameHub";
				PRODUCT_NAME = "$(TARGET_NAME)";
				SWIFT_EMIT_LOC_STRINGS = YES;
				SWIFT_VERSION = 5.0;
				TARGETED_DEVICE_FAMILY = "1,2";
			};
			name = Debug;
		};
		9CCA599D2AB4446500FEA993 /* Release */ = {
			isa = XCBuildConfiguration;
			buildSettings = {
				ASSETCATALOG_COMPILER_APPICON_NAME = AppIcon;
				ASSETCATALOG_COMPILER_GLOBAL_ACCENT_COLOR_NAME = AccentColor;
				CODE_SIGN_STYLE = Automatic;
				CURRENT_PROJECT_VERSION = 1;
				DEVELOPMENT_ASSET_PATHS = "\"R-GameHub/Preview Content\"";
				DEVELOPMENT_TEAM = QV595V2E74;
				ENABLE_PREVIEWS = YES;
				GENERATE_INFOPLIST_FILE = YES;
				INFOPLIST_KEY_CFBundleDisplayName = "R-GameHub";
				INFOPLIST_KEY_UIApplicationSceneManifest_Generation = YES;
				INFOPLIST_KEY_UIApplicationSupportsIndirectInputEvents = YES;
				INFOPLIST_KEY_UILaunchScreen_Generation = YES;
				INFOPLIST_KEY_UISupportedInterfaceOrientations_iPad = "UIInterfaceOrientationPortrait UIInterfaceOrientationPortraitUpsideDown UIInterfaceOrientationLandscapeLeft UIInterfaceOrientationLandscapeRight";
				INFOPLIST_KEY_UISupportedInterfaceOrientations_iPhone = "UIInterfaceOrientationPortrait UIInterfaceOrientationLandscapeLeft UIInterfaceOrientationLandscapeRight";
				IPHONEOS_DEPLOYMENT_TARGET = 16.4;
				LD_RUNPATH_SEARCH_PATHS = (
					"$(inherited)",
					"@executable_path/Frameworks",
				);
				MARKETING_VERSION = 1.0;
				PRODUCT_BUNDLE_IDENTIFIER = "vn.edu.rmit.R-GameHub.R-GameHub";
				PRODUCT_NAME = "$(TARGET_NAME)";
				SWIFT_EMIT_LOC_STRINGS = YES;
				SWIFT_VERSION = 5.0;
				TARGETED_DEVICE_FAMILY = "1,2";
			};
			name = Release;
		};
/* End XCBuildConfiguration section */

/* Begin XCConfigurationList section */
		9CCA59882AB4446300FEA993 /* Build configuration list for PBXProject "R-GameHub" */ = {
			isa = XCConfigurationList;
			buildConfigurations = (
				9CCA59992AB4446500FEA993 /* Debug */,
				9CCA599A2AB4446500FEA993 /* Release */,
			);
			defaultConfigurationIsVisible = 0;
			defaultConfigurationName = Release;
		};
		9CCA599B2AB4446500FEA993 /* Build configuration list for PBXNativeTarget "R-GameHub" */ = {
			isa = XCConfigurationList;
			buildConfigurations = (
				9CCA599C2AB4446500FEA993 /* Debug */,
				9CCA599D2AB4446500FEA993 /* Release */,
			);
			defaultConfigurationIsVisible = 0;
			defaultConfigurationName = Release;
		};
/* End XCConfigurationList section */

/* Begin XCRemoteSwiftPackageReference section */
		EAE0E23E2AB97BCA00371C7B /* XCRemoteSwiftPackageReference "firebase-ios-sdk" */ = {
			isa = XCRemoteSwiftPackageReference;
			repositoryURL = "https://github.com/firebase/firebase-ios-sdk";
			requirement = {
				kind = upToNextMajorVersion;
				minimumVersion = 10.0.0;
			};
		};
/* End XCRemoteSwiftPackageReference section */

/* Begin XCSwiftPackageProductDependency section */
		EAE0E23F2AB97BCA00371C7B /* FirebaseAuth */ = {
			isa = XCSwiftPackageProductDependency;
			package = EAE0E23E2AB97BCA00371C7B /* XCRemoteSwiftPackageReference "firebase-ios-sdk" */;
			productName = FirebaseAuth;
		};
		EAE0E2412AB97BCA00371C7B /* FirebaseDatabase */ = {
			isa = XCSwiftPackageProductDependency;
			package = EAE0E23E2AB97BCA00371C7B /* XCRemoteSwiftPackageReference "firebase-ios-sdk" */;
			productName = FirebaseDatabase;
		};
		EAE0E2432AB97BCA00371C7B /* FirebaseDatabaseSwift */ = {
			isa = XCSwiftPackageProductDependency;
			package = EAE0E23E2AB97BCA00371C7B /* XCRemoteSwiftPackageReference "firebase-ios-sdk" */;
			productName = FirebaseDatabaseSwift;
		};
		EAE0E2452AB97BCA00371C7B /* FirebaseFirestore */ = {
			isa = XCSwiftPackageProductDependency;
			package = EAE0E23E2AB97BCA00371C7B /* XCRemoteSwiftPackageReference "firebase-ios-sdk" */;
			productName = FirebaseFirestore;
		};
		EAE0E2472AB97BCA00371C7B /* FirebaseFirestoreCombine-Community */ = {
			isa = XCSwiftPackageProductDependency;
			package = EAE0E23E2AB97BCA00371C7B /* XCRemoteSwiftPackageReference "firebase-ios-sdk" */;
			productName = "FirebaseFirestoreCombine-Community";
		};
		EAE0E2492AB97BCA00371C7B /* FirebaseFirestoreSwift */ = {
			isa = XCSwiftPackageProductDependency;
			package = EAE0E23E2AB97BCA00371C7B /* XCRemoteSwiftPackageReference "firebase-ios-sdk" */;
			productName = FirebaseFirestoreSwift;
		};
		EAE0E24B2AB97BCA00371C7B /* FirebaseStorage */ = {
			isa = XCSwiftPackageProductDependency;
			package = EAE0E23E2AB97BCA00371C7B /* XCRemoteSwiftPackageReference "firebase-ios-sdk" */;
			productName = FirebaseStorage;
		};
		EAE0E24D2AB97BCA00371C7B /* FirebaseStorageCombine-Community */ = {
			isa = XCSwiftPackageProductDependency;
			package = EAE0E23E2AB97BCA00371C7B /* XCRemoteSwiftPackageReference "firebase-ios-sdk" */;
			productName = "FirebaseStorageCombine-Community";
		};
/* End XCSwiftPackageProductDependency section */
	};
	rootObject = 9CCA59852AB4446300FEA993 /* Project object */;
}
